{
  "name": "expose",
  "version": "0.9.0",
  "lockfileVersion": 1,
  "requires": true,
  "dependencies": {
    "foundation-sites": {
      "version": "6.5.3",
      "resolved": "https://artifactory.corp.adobe.com:443/artifactory/api/npm/npm-adobe-release/foundation-sites/-/foundation-sites-6.5.3.tgz",
      "integrity": "sha1-hTc6rtciM8oNFv38sDTpdsxpQ8k=",
      "dev": true
    }
  }
}
